
Microsoft Visual Studio Solution File, Format Version 12.00
Project("{FAE04EC0-301F-11D3-BF4B-00C04F79EFBC}") = "bs_first", "bs_first\bs_first.csproj", "{49B4BBFA-C92A-4907-BDE7-AEC53229C226}"
EndProject
Project("{FAE04EC0-301F-11D3-BF4B-00C04F79EFBC}") = "Primera", "Primera\Primera.csproj", "{7B0D7C81-5D4A-47D1-8A7D-842EBA487215}"
EndProject
Project("{FAE04EC0-301F-11D3-BF4B-00C04F79EFBC}") = "SPD-Dapper", "SPD-Dapper\SPD-Dapper.csproj", "{7F7B00B0-20EE-4168-B5FD-6CE8F7095828}"
EndProject
Global
	GlobalSection(SolutionConfigurationPlatforms) = preSolution
		Debug|Any CPU = Debug|Any CPU
		Release|Any CPU = Release|Any CPU
	EndGlobalSection
	GlobalSection(ProjectConfigurationPlatforms) = postSolution
		{49B4BBFA-C92A-4907-BDE7-AEC53229C226}.Debug|Any CPU.ActiveCfg = Debug|Any CPU
		{49B4BBFA-C92A-4907-BDE7-AEC53229C226}.Debug|Any CPU.Build.0 = Debug|Any CPU
		{49B4BBFA-C92A-4907-BDE7-AEC53229C226}.Release|Any CPU.ActiveCfg = Release|Any CPU
		{49B4BBFA-C92A-4907-BDE7-AEC53229C226}.Release|Any CPU.Build.0 = Release|Any CPU
		{7B0D7C81-5D4A-47D1-8A7D-842EBA487215}.Debug|Any CPU.ActiveCfg = Debug|Any CPU
		{7B0D7C81-5D4A-47D1-8A7D-842EBA487215}.Debug|Any CPU.Build.0 = Debug|Any CPU
		{7B0D7C81-5D4A-47D1-8A7D-842EBA487215}.Release|Any CPU.ActiveCfg = Release|Any CPU
		{7B0D7C81-5D4A-47D1-8A7D-842EBA487215}.Release|Any CPU.Build.0 = Release|Any CPU
		{7F7B00B0-20EE-4168-B5FD-6CE8F7095828}.Debug|Any CPU.ActiveCfg = Debug|Any CPU
		{7F7B00B0-20EE-4168-B5FD-6CE8F7095828}.Debug|Any CPU.Build.0 = Debug|Any CPU
		{7F7B00B0-20EE-4168-B5FD-6CE8F7095828}.Release|Any CPU.ActiveCfg = Release|Any CPU
		{7F7B00B0-20EE-4168-B5FD-6CE8F7095828}.Release|Any CPU.Build.0 = Release|Any CPU
	EndGlobalSection
EndGlobal
